// !$*UTF8*$!
{
	archiveVersion = 1;
	classes = {
	};
	objectVersion = 46;
	objects = {

/* Begin PBXBuildFile section */
		C0E07DB51E95641700E44F56 /* AppDelegate.swift in Sources */ = {isa = PBXBuildFile; fileRef = C0E07DB41E95641700E44F56 /* AppDelegate.swift */; };
		C0E07DB71E95641700E44F56 /* FirstViewController.swift in Sources */ = {isa = PBXBuildFile; fileRef = C0E07DB61E95641700E44F56 /* FirstViewController.swift */; };
		C0E07DB91E95641700E44F56 /* SecondViewController.swift in Sources */ = {isa = PBXBuildFile; fileRef = C0E07DB81E95641700E44F56 /* SecondViewController.swift */; };
		C0E07DBC1E95641700E44F56 /* Main.storyboard in Resources */ = {isa = PBXBuildFile; fileRef = C0E07DBA1E95641700E44F56 /* Main.storyboard */; };
		C0E07DBE1E95641700E44F56 /* Assets.xcassets in Resources */ = {isa = PBXBuildFile; fileRef = C0E07DBD1E95641700E44F56 /* Assets.xcassets */; };
		C0E07DC11E95641700E44F56 /* LaunchScreen.storyboard in Resources */ = {isa = PBXBuildFile; fileRef = C0E07DBF1E95641700E44F56 /* LaunchScreen.storyboard */; };
		C0E07DCC1E95641700E44F56 /* GroupUPTests.swift in Sources */ = {isa = PBXBuildFile; fileRef = C0E07DCB1E95641700E44F56 /* GroupUPTests.swift */; };
		C0E07DD71E95641700E44F56 /* GroupUPUITests.swift in Sources */ = {isa = PBXBuildFile; fileRef = C0E07DD61E95641700E44F56 /* GroupUPUITests.swift */; };
/* End PBXBuildFile section */

/* Begin PBXContainerItemProxy section */
		C0E07DC81E95641700E44F56 /* PBXContainerItemProxy */ = {
			isa = PBXContainerItemProxy;
			containerPortal = C0E07DA91E95641600E44F56 /* Project object */;
			proxyType = 1;
			remoteGlobalIDString = C0E07DB01E95641600E44F56;
			remoteInfo = GroupUP;
		};
		C0E07DD31E95641700E44F56 /* PBXContainerItemProxy */ = {
			isa = PBXContainerItemProxy;
			containerPortal = C0E07DA91E95641600E44F56 /* Project object */;
			proxyType = 1;
			remoteGlobalIDString = C0E07DB01E95641600E44F56;
			remoteInfo = GroupUP;
		};
/* End PBXContainerItemProxy section */

/* Begin PBXFileReference section */
		C0E07DB11E95641700E44F56 /* GroupUP.app */ = {isa = PBXFileReference; explicitFileType = wrapper.application; includeInIndex = 0; path = GroupUP.app; sourceTree = BUILT_PRODUCTS_DIR; };
		C0E07DB41E95641700E44F56 /* AppDelegate.swift */ = {isa = PBXFileReference; lastKnownFileType = sourcecode.swift; path = AppDelegate.swift; sourceTree = "<group>"; };
		C0E07DB61E95641700E44F56 /* FirstViewController.swift */ = {isa = PBXFileReference; lastKnownFileType = sourcecode.swift; path = FirstViewController.swift; sourceTree = "<group>"; };
		C0E07DB81E95641700E44F56 /* SecondViewController.swift */ = {isa = PBXFileReference; lastKnownFileType = sourcecode.swift; path = SecondViewController.swift; sourceTree = "<group>"; };
		C0E07DBB1E95641700E44F56 /* Base */ = {isa = PBXFileReference; lastKnownFileType = file.storyboard; name = Base; path = Base.lproj/Main.storyboard; sourceTree = "<group>"; };
		C0E07DBD1E95641700E44F56 /* Assets.xcassets */ = {isa = PBXFileReference; lastKnownFileType = folder.assetcatalog; path = Assets.xcassets; sourceTree = "<group>"; };
		C0E07DC01E95641700E44F56 /* Base */ = {isa = PBXFileReference; lastKnownFileType = file.storyboard; name = Base; path = Base.lproj/LaunchScreen.storyboard; sourceTree = "<group>"; };
		C0E07DC21E95641700E44F56 /* Info.plist */ = {isa = PBXFileReference; lastKnownFileType = text.plist.xml; path = Info.plist; sourceTree = "<group>"; };
		C0E07DC71E95641700E44F56 /* GroupUPTests.xctest */ = {isa = PBXFileReference; explicitFileType = wrapper.cfbundle; includeInIndex = 0; path = GroupUPTests.xctest; sourceTree = BUILT_PRODUCTS_DIR; };
		C0E07DCB1E95641700E44F56 /* GroupUPTests.swift */ = {isa = PBXFileReference; lastKnownFileType = sourcecode.swift; path = GroupUPTests.swift; sourceTree = "<group>"; };
		C0E07DCD1E95641700E44F56 /* Info.plist */ = {isa = PBXFileReference; lastKnownFileType = text.plist.xml; path = Info.plist; sourceTree = "<group>"; };
		C0E07DD21E95641700E44F56 /* GroupUPUITests.xctest */ = {isa = PBXFileReference; explicitFileType = wrapper.cfbundle; includeInIndex = 0; path = GroupUPUITests.xctest; sourceTree = BUILT_PRODUCTS_DIR; };
		C0E07DD61E95641700E44F56 /* GroupUPUITests.swift */ = {isa = PBXFileReference; lastKnownFileType = sourcecode.swift; path = GroupUPUITests.swift; sourceTree = "<group>"; };
		C0E07DD81E95641700E44F56 /* Info.plist */ = {isa = PBXFileReference; lastKnownFileType = text.plist.xml; path = Info.plist; sourceTree = "<group>"; };
/* End PBXFileReference section */

/* Begin PBXFrameworksBuildPhase section */
		C0E07DAE1E95641600E44F56 /* Frameworks */ = {
			isa = PBXFrameworksBuildPhase;
			buildActionMask = 2147483647;
			files = (
			);
			runOnlyForDeploymentPostprocessing = 0;
		};
		C0E07DC41E95641700E44F56 /* Frameworks */ = {
			isa = PBXFrameworksBuildPhase;
			buildActionMask = 2147483647;
			files = (
			);
			runOnlyForDeploymentPostprocessing = 0;
		};
		C0E07DCF1E95641700E44F56 /* Frameworks */ = {
			isa = PBXFrameworksBuildPhase;
			buildActionMask = 2147483647;
			files = (
			);
			runOnlyForDeploymentPostprocessing = 0;
		};
/* End PBXFrameworksBuildPhase section */

/* Begin PBXGroup section */
		C0E07DA81E95641600E44F56 = {
			isa = PBXGroup;
			children = (
				C0E07DB31E95641700E44F56 /* GroupUP */,
				C0E07DCA1E95641700E44F56 /* GroupUPTests */,
				C0E07DD51E95641700E44F56 /* GroupUPUITests */,
				C0E07DB21E95641700E44F56 /* Products */,
			);
			sourceTree = "<group>";
		};
		C0E07DB21E95641700E44F56 /* Products */ = {
			isa = PBXGroup;
			children = (
				C0E07DB11E95641700E44F56 /* GroupUP.app */,
				C0E07DC71E95641700E44F56 /* GroupUPTests.xctest */,
				C0E07DD21E95641700E44F56 /* GroupUPUITests.xctest */,
			);
			name = Products;
			sourceTree = "<group>";
		};
		C0E07DB31E95641700E44F56 /* GroupUP */ = {
			isa = PBXGroup;
			children = (
				C0E07DB41E95641700E44F56 /* AppDelegate.swift */,
				C0E07DB61E95641700E44F56 /* FirstViewController.swift */,
				C0E07DB81E95641700E44F56 /* SecondViewController.swift */,
				C0E07DBA1E95641700E44F56 /* Main.storyboard */,
				C0E07DBD1E95641700E44F56 /* Assets.xcassets */,
				C0E07DBF1E95641700E44F56 /* LaunchScreen.storyboard */,
				C0E07DC21E95641700E44F56 /* Info.plist */,
			);
			path = GroupUP;
			sourceTree = "<group>";
		};
		C0E07DCA1E95641700E44F56 /* GroupUPTests */ = {
			isa = PBXGroup;
			children = (
				C0E07DCB1E95641700E44F56 /* GroupUPTests.swift */,
				C0E07DCD1E95641700E44F56 /* Info.plist */,
			);
			path = GroupUPTests;
			sourceTree = "<group>";
		};
		C0E07DD51E95641700E44F56 /* GroupUPUITests */ = {
			isa = PBXGroup;
			children = (
				C0E07DD61E95641700E44F56 /* GroupUPUITests.swift */,
				C0E07DD81E95641700E44F56 /* Info.plist */,
			);
			path = GroupUPUITests;
			sourceTree = "<group>";
		};
/* End PBXGroup section */

/* Begin PBXNativeTarget section */
		C0E07DB01E95641600E44F56 /* GroupUP */ = {
			isa = PBXNativeTarget;
			buildConfigurationList = C0E07DDB1E95641700E44F56 /* Build configuration list for PBXNativeTarget "GroupUP" */;
			buildPhases = (
				C0E07DAD1E95641600E44F56 /* Sources */,
				C0E07DAE1E95641600E44F56 /* Frameworks */,
				C0E07DAF1E95641600E44F56 /* Resources */,
			);
			buildRules = (
			);
			dependencies = (
			);
			name = GroupUP;
			productName = GroupUP;
			productReference = C0E07DB11E95641700E44F56 /* GroupUP.app */;
			productType = "com.apple.product-type.application";
		};
		C0E07DC61E95641700E44F56 /* GroupUPTests */ = {
			isa = PBXNativeTarget;
			buildConfigurationList = C0E07DDE1E95641700E44F56 /* Build configuration list for PBXNativeTarget "GroupUPTests" */;
			buildPhases = (
				C0E07DC31E95641700E44F56 /* Sources */,
				C0E07DC41E95641700E44F56 /* Frameworks */,
				C0E07DC51E95641700E44F56 /* Resources */,
			);
			buildRules = (
			);
			dependencies = (
				C0E07DC91E95641700E44F56 /* PBXTargetDependency */,
			);
			name = GroupUPTests;
			productName = GroupUPTests;
			productReference = C0E07DC71E95641700E44F56 /* GroupUPTests.xctest */;
			productType = "com.apple.product-type.bundle.unit-test";
		};
		C0E07DD11E95641700E44F56 /* GroupUPUITests */ = {
			isa = PBXNativeTarget;
			buildConfigurationList = C0E07DE11E95641700E44F56 /* Build configuration list for PBXNativeTarget "GroupUPUITests" */;
			buildPhases = (
				C0E07DCE1E95641700E44F56 /* Sources */,
				C0E07DCF1E95641700E44F56 /* Frameworks */,
				C0E07DD01E95641700E44F56 /* Resources */,
			);
			buildRules = (
			);
			dependencies = (
				C0E07DD41E95641700E44F56 /* PBXTargetDependency */,
			);
			name = GroupUPUITests;
			productName = GroupUPUITests;
			productReference = C0E07DD21E95641700E44F56 /* GroupUPUITests.xctest */;
			productType = "com.apple.product-type.bundle.ui-testing";
		};
/* End PBXNativeTarget section */

/* Begin PBXProject section */
		C0E07DA91E95641600E44F56 /* Project object */ = {
			isa = PBXProject;
			attributes = {
				LastSwiftUpdateCheck = 0820;
				LastUpgradeCheck = 0820;
				ORGANIZATIONNAME = GroupUP;
				TargetAttributes = {
					C0E07DB01E95641600E44F56 = {
						CreatedOnToolsVersion = 8.2.1;
						ProvisioningStyle = Automatic;
					};
					C0E07DC61E95641700E44F56 = {
						CreatedOnToolsVersion = 8.2.1;
						ProvisioningStyle = Automatic;
						TestTargetID = C0E07DB01E95641600E44F56;
					};
					C0E07DD11E95641700E44F56 = {
						CreatedOnToolsVersion = 8.2.1;
						ProvisioningStyle = Automatic;
						TestTargetID = C0E07DB01E95641600E44F56;
					};
				};
			};
			buildConfigurationList = C0E07DAC1E95641600E44F56 /* Build configuration list for PBXProject "GroupUP" */;
			compatibilityVersion = "Xcode 3.2";
			developmentRegion = English;
			hasScannedForEncodings = 0;
			knownRegions = (
				en,
				Base,
			);
			mainGroup = C0E07DA81E95641600E44F56;
			productRefGroup = C0E07DB21E95641700E44F56 /* Products */;
			projectDirPath = "";
			projectRoot = "";
			targets = (
				C0E07DB01E95641600E44F56 /* GroupUP */,
				C0E07DC61E95641700E44F56 /* GroupUPTests */,
				C0E07DD11E95641700E44F56 /* GroupUPUITests */,
			);
		};
/* End PBXProject section */

/* Begin PBXResourcesBuildPhase section */
		C0E07DAF1E95641600E44F56 /* Resources */ = {
			isa = PBXResourcesBuildPhase;
			buildActionMask = 2147483647;
			files = (
				C0E07DC11E95641700E44F56 /* LaunchScreen.storyboard in Resources */,
				C0E07DBE1E95641700E44F56 /* Assets.xcassets in Resources */,
				C0E07DBC1E95641700E44F56 /* Main.storyboard in Resources */,
			);
			runOnlyForDeploymentPostprocessing = 0;
		};
		C0E07DC51E95641700E44F56 /* Resources */ = {
			isa = PBXResourcesBuildPhase;
			buildActionMask = 2147483647;
			files = (
			);
			runOnlyForDeploymentPostprocessing = 0;
		};
		C0E07DD01E95641700E44F56 /* Resources */ = {
			isa = PBXResourcesBuildPhase;
			buildActionMask = 2147483647;
			files = (
			);
			runOnlyForDeploymentPostprocessing = 0;
		};
/* End PBXResourcesBuildPhase section */

/* Begin PBXSourcesBuildPhase section */
		C0E07DAD1E95641600E44F56 /* Sources */ = {
			isa = PBXSourcesBuildPhase;
			buildActionMask = 2147483647;
			files = (
				C0E07DB91E95641700E44F56 /* SecondViewController.swift in Sources */,
				C0E07DB51E95641700E44F56 /* AppDelegate.swift in Sources */,
				C0E07DB71E95641700E44F56 /* FirstViewController.swift in Sources */,
			);
			runOnlyForDeploymentPostprocessing = 0;
		};
		C0E07DC31E95641700E44F56 /* Sources */ = {
			isa = PBXSourcesBuildPhase;
			buildActionMask = 2147483647;
			files = (
				C0E07DCC1E95641700E44F56 /* GroupUPTests.swift in Sources */,
			);
			runOnlyForDeploymentPostprocessing = 0;
		};
		C0E07DCE1E95641700E44F56 /* Sources */ = {
			isa = PBXSourcesBuildPhase;
			buildActionMask = 2147483647;
			files = (
				C0E07DD71E95641700E44F56 /* GroupUPUITests.swift in Sources */,
			);
			runOnlyForDeploymentPostprocessing = 0;
		};
/* End PBXSourcesBuildPhase section */

/* Begin PBXTargetDependency section */
		C0E07DC91E95641700E44F56 /* PBXTargetDependency */ = {
			isa = PBXTargetDependency;
			target = C0E07DB01E95641600E44F56 /* GroupUP */;
			targetProxy = C0E07DC81E95641700E44F56 /* PBXContainerItemProxy */;
		};
		C0E07DD41E95641700E44F56 /* PBXTargetDependency */ = {
			isa = PBXTargetDependency;
			target = C0E07DB01E95641600E44F56 /* GroupUP */;
			targetProxy = C0E07DD31E95641700E44F56 /* PBXContainerItemProxy */;
		};
/* End PBXTargetDependency section */

/* Begin PBXVariantGroup section */
		C0E07DBA1E95641700E44F56 /* Main.storyboard */ = {
			isa = PBXVariantGroup;
			children = (
				C0E07DBB1E95641700E44F56 /* Base */,
			);
			name = Main.storyboard;
			sourceTree = "<group>";
		};
		C0E07DBF1E95641700E44F56 /* LaunchScreen.storyboard */ = {
			isa = PBXVariantGroup;
			children = (
				C0E07DC01E95641700E44F56 /* Base */,
			);
			name = LaunchScreen.storyboard;
			sourceTree = "<group>";
		};
/* End PBXVariantGroup section */

/* Begin XCBuildConfiguration section */
		C0E07DD91E95641700E44F56 /* Debug */ = {
			isa = XCBuildConfiguration;
			buildSettings = {
				ALWAYS_SEARCH_USER_PATHS = NO;
				CLANG_ANALYZER_NONNULL = YES;
				CLANG_CXX_LANGUAGE_STANDARD = "gnu++0x";
				CLANG_CXX_LIBRARY = "libc++";
				CLANG_ENABLE_MODULES = YES;
				CLANG_ENABLE_OBJC_ARC = YES;
				CLANG_WARN_BOOL_CONVERSION = YES;
				CLANG_WARN_CONSTANT_CONVERSION = YES;
				CLANG_WARN_DIRECT_OBJC_ISA_USAGE = YES_ERROR;
				CLANG_WARN_DOCUMENTATION_COMMENTS = YES;
				CLANG_WARN_EMPTY_BODY = YES;
				CLANG_WARN_ENUM_CONVERSION = YES;
				CLANG_WARN_INFINITE_RECURSION = YES;
				CLANG_WARN_INT_CONVERSION = YES;
				CLANG_WARN_OBJC_ROOT_CLASS = YES_ERROR;
				CLANG_WARN_SUSPICIOUS_MOVE = YES;
				CLANG_WARN_UNREACHABLE_CODE = YES;
				CLANG_WARN__DUPLICATE_METHOD_MATCH = YES;
				"CODE_SIGN_IDENTITY[sdk=iphoneos*]" = "iPhone Developer";
				COPY_PHASE_STRIP = NO;
				DEBUG_INFORMATION_FORMAT = dwarf;
				ENABLE_STRICT_OBJC_MSGSEND = YES;
				ENABLE_TESTABILITY = YES;
				GCC_C_LANGUAGE_STANDARD = gnu99;
				GCC_DYNAMIC_NO_PIC = NO;
				GCC_NO_COMMON_BLOCKS = YES;
				GCC_OPTIMIZATION_LEVEL = 0;
				GCC_PREPROCESSOR_DEFINITIONS = (
					"DEBUG=1",
					"$(inherited)",
				);
				GCC_WARN_64_TO_32_BIT_CONVERSION = YES;
				GCC_WARN_ABOUT_RETURN_TYPE = YES_ERROR;
				GCC_WARN_UNDECLARED_SELECTOR = YES;
				GCC_WARN_UNINITIALIZED_AUTOS = YES_AGGRESSIVE;
				GCC_WARN_UNUSED_FUNCTION = YES;
				GCC_WARN_UNUSED_VARIABLE = YES;
				IPHONEOS_DEPLOYMENT_TARGET = 10.2;
				MTL_ENABLE_DEBUG_INFO = YES;
				ONLY_ACTIVE_ARCH = YES;
				SDKROOT = iphoneos;
				SWIFT_ACTIVE_COMPILATION_CONDITIONS = DEBUG;
				SWIFT_OPTIMIZATION_LEVEL = "-Onone";
				TARGETED_DEVICE_FAMILY = "1,2";
			};
			name = Debug;
		};
		C0E07DDA1E95641700E44F56 /* Release */ = {
			isa = XCBuildConfiguration;
			buildSettings = {
				ALWAYS_SEARCH_USER_PATHS = NO;
				CLANG_ANALYZER_NONNULL = YES;
				CLANG_CXX_LANGUAGE_STANDARD = "gnu++0x";
				CLANG_CXX_LIBRARY = "libc++";
				CLANG_ENABLE_MODULES = YES;
				CLANG_ENABLE_OBJC_ARC = YES;
				CLANG_WARN_BOOL_CONVERSION = YES;
				CLANG_WARN_CONSTANT_CONVERSION = YES;
				CLANG_WARN_DIRECT_OBJC_ISA_USAGE = YES_ERROR;
				CLANG_WARN_DOCUMENTATION_COMMENTS = YES;
				CLANG_WARN_EMPTY_BODY = YES;
				CLANG_WARN_ENUM_CONVERSION = YES;
				CLANG_WARN_INFINITE_RECURSION = YES;
				CLANG_WARN_INT_CONVERSION = YES;
				CLANG_WARN_OBJC_ROOT_CLASS = YES_ERROR;
				CLANG_WARN_SUSPICIOUS_MOVE = YES;
				CLANG_WARN_UNREACHABLE_CODE = YES;
				CLANG_WARN__DUPLICATE_METHOD_MATCH = YES;
				"CODE_SIGN_IDENTITY[sdk=iphoneos*]" = "iPhone Developer";
				COPY_PHASE_STRIP = NO;
				DEBUG_INFORMATION_FORMAT = "dwarf-with-dsym";
				ENABLE_NS_ASSERTIONS = NO;
				ENABLE_STRICT_OBJC_MSGSEND = YES;
				GCC_C_LANGUAGE_STANDARD = gnu99;
				GCC_NO_COMMON_BLOCKS = YES;
				GCC_WARN_64_TO_32_BIT_CONVERSION = YES;
				GCC_WARN_ABOUT_RETURN_TYPE = YES_ERROR;
				GCC_WARN_UNDECLARED_SELECTOR = YES;
				GCC_WARN_UNINITIALIZED_AUTOS = YES_AGGRESSIVE;
				GCC_WARN_UNUSED_FUNCTION = YES;
				GCC_WARN_UNUSED_VARIABLE = YES;
				IPHONEOS_DEPLOYMENT_TARGET = 10.2;
				MTL_ENABLE_DEBUG_INFO = NO;
				SDKROOT = iphoneos;
				SWIFT_OPTIMIZATION_LEVEL = "-Owholemodule";
				TARGETED_DEVICE_FAMILY = "1,2";
				VALIDATE_PRODUCT = YES;
			};
			name = Release;
		};
		C0E07DDC1E95641700E44F56 /* Debug */ = {
			isa = XCBuildConfiguration;
			buildSettings = {
				ASSETCATALOG_COMPILER_APPICON_NAME = AppIcon;
				INFOPLIST_FILE = GroupUP/Info.plist;
				LD_RUNPATH_SEARCH_PATHS = "$(inherited) @executable_path/Frameworks";
				PRODUCT_BUNDLE_IDENTIFIER = GroupUP.GroupUP;
				PRODUCT_NAME = "$(TARGET_NAME)";
				SWIFT_VERSION = 3.0;
			};
			name = Debug;
		};
		C0E07DDD1E95641700E44F56 /* Release */ = {
			isa = XCBuildConfiguration;
			buildSettings = {
				ASSETCATALOG_COMPILER_APPICON_NAME = AppIcon;
				INFOPLIST_FILE = GroupUP/Info.plist;
				LD_RUNPATH_SEARCH_PATHS = "$(inherited) @executable_path/Frameworks";
				PRODUCT_BUNDLE_IDENTIFIER = GroupUP.GroupUP;
				PRODUCT_NAME = "$(TARGET_NAME)";
				SWIFT_VERSION = 3.0;
			};
			name = Release;
		};
		C0E07DDF1E95641700E44F56 /* Debug */ = {
			isa = XCBuildConfiguration;
			buildSettings = {
				ALWAYS_EMBED_SWIFT_STANDARD_LIBRARIES = YES;
				BUNDLE_LOADER = "$(TEST_HOST)";
				INFOPLIST_FILE = GroupUPTests/Info.plist;
				LD_RUNPATH_SEARCH_PATHS = "$(inherited) @executable_path/Frameworks @loader_path/Frameworks";
				PRODUCT_BUNDLE_IDENTIFIER = GroupUP.GroupUPTests;
				PRODUCT_NAME = "$(TARGET_NAME)";
				SWIFT_VERSION = 3.0;
				TEST_HOST = "$(BUILT_PRODUCTS_DIR)/GroupUP.app/GroupUP";
			};
			name = Debug;
		};
		C0E07DE01E95641700E44F56 /* Release */ = {
			isa = XCBuildConfiguration;
			buildSettings = {
				ALWAYS_EMBED_SWIFT_STANDARD_LIBRARIES = YES;
				BUNDLE_LOADER = "$(TEST_HOST)";
				INFOPLIST_FILE = GroupUPTests/Info.plist;
				LD_RUNPATH_SEARCH_PATHS = "$(inherited) @executable_path/Frameworks @loader_path/Frameworks";
				PRODUCT_BUNDLE_IDENTIFIER = GroupUP.GroupUPTests;
				PRODUCT_NAME = "$(TARGET_NAME)";
				SWIFT_VERSION = 3.0;
				TEST_HOST = "$(BUILT_PRODUCTS_DIR)/GroupUP.app/GroupUP";
			};
			name = Release;
		};
		C0E07DE21E95641700E44F56 /* Debug */ = {
			isa = XCBuildConfiguration;
			buildSettings = {
				ALWAYS_EMBED_SWIFT_STANDARD_LIBRARIES = YES;
				INFOPLIST_FILE = GroupUPUITests/Info.plist;
				LD_RUNPATH_SEARCH_PATHS = "$(inherited) @executable_path/Frameworks @loader_path/Frameworks";
				PRODUCT_BUNDLE_IDENTIFIER = GroupUP.GroupUPUITests;
				PRODUCT_NAME = "$(TARGET_NAME)";
				SWIFT_VERSION = 3.0;
				TEST_TARGET_NAME = GroupUP;
			};
			name = Debug;
		};
		C0E07DE31E95641700E44F56 /* Release */ = {
			isa = XCBuildConfiguration;
			buildSettings = {
				ALWAYS_EMBED_SWIFT_STANDARD_LIBRARIES = YES;
				INFOPLIST_FILE = GroupUPUITests/Info.plist;
				LD_RUNPATH_SEARCH_PATHS = "$(inherited) @executable_path/Frameworks @loader_path/Frameworks";
				PRODUCT_BUNDLE_IDENTIFIER = GroupUP.GroupUPUITests;
				PRODUCT_NAME = "$(TARGET_NAME)";
				SWIFT_VERSION = 3.0;
				TEST_TARGET_NAME = GroupUP;
			};
			name = Release;
		};
/* End XCBuildConfiguration section */

/* Begin XCConfigurationList section */
		C0E07DAC1E95641600E44F56 /* Build configuration list for PBXProject "GroupUP" */ = {
			isa = XCConfigurationList;
			buildConfigurations = (
				C0E07DD91E95641700E44F56 /* Debug */,
				C0E07DDA1E95641700E44F56 /* Release */,
			);
			defaultConfigurationIsVisible = 0;
			defaultConfigurationName = Release;
		};
		C0E07DDB1E95641700E44F56 /* Build configuration list for PBXNativeTarget "GroupUP" */ = {
			isa = XCConfigurationList;
			buildConfigurations = (
				C0E07DDC1E95641700E44F56 /* Debug */,
				C0E07DDD1E95641700E44F56 /* Release */,
			);
			defaultConfigurationIsVisible = 0;
		};
		C0E07DDE1E95641700E44F56 /* Build configuration list for PBXNativeTarget "GroupUPTests" */ = {
			isa = XCConfigurationList;
			buildConfigurations = (
				C0E07DDF1E95641700E44F56 /* Debug */,
				C0E07DE01E95641700E44F56 /* Release */,
			);
			defaultConfigurationIsVisible = 0;
		};
		C0E07DE11E95641700E44F56 /* Build configuration list for PBXNativeTarget "GroupUPUITests" */ = {
			isa = XCConfigurationList;
			buildConfigurations = (
				C0E07DE21E95641700E44F56 /* Debug */,
				C0E07DE31E95641700E44F56 /* Release */,
			);
			defaultConfigurationIsVisible = 0;
		};
/* End XCConfigurationList section */
	};
	rootObject = C0E07DA91E95641600E44F56 /* Project object */;
}
